
Microsoft Visual Studio Solution File, Format Version 12.00
# Visual Studio Version 17
VisualStudioVersion = 17.11.35312.102
MinimumVisualStudioVersion = 10.0.40219.1
Project("{FAE04EC0-301F-11D3-BF4B-00C04F79EFBC}") = "Mathematical Operations Solution Application", "Mathematical Operations Solution Application\Mathematical Operations Solution Application.csproj", "{C223323C-C891-406F-B7C5-BAB742925000}"
EndProject
Global
	GlobalSection(SolutionConfigurationPlatforms) = preSolution
		Debug|Any CPU = Debug|Any CPU
		Release|Any CPU = Release|Any CPU
	EndGlobalSection
	GlobalSection(ProjectConfigurationPlatforms) = postSolution
		{C223323C-C891-406F-B7C5-BAB742925000}.Debug|Any CPU.ActiveCfg = Debug|Any CPU
		{C223323C-C891-406F-B7C5-BAB742925000}.Debug|Any CPU.Build.0 = Debug|Any CPU
		{C223323C-C891-406F-B7C5-BAB742925000}.Release|Any CPU.ActiveCfg = Release|Any CPU
		{C223323C-C891-406F-B7C5-BAB742925000}.Release|Any CPU.Build.0 = Release|Any CPU
	EndGlobalSection
	GlobalSection(SolutionProperties) = preSolution
		HideSolutionNode = FALSE
	EndGlobalSection
	GlobalSection(ExtensibilityGlobals) = postSolution
		SolutionGuid = {58765BA8-6499-4735-B57E-40D6BD72CCEB}
	EndGlobalSection
EndGlobal
